
Microsoft Visual Studio Solution File, Format Version 12.00
# Visual Studio 15
VisualStudioVersion = 15.0.27703.2047
MinimumVisualStudioVersion = 10.0.40219.1
Project("{FAE04EC0-301F-11D3-BF4B-00C04F79EFBC}") = "FileManager", "FileManager\FileManager.csproj", "{972CDF78-E1CB-4802-930D-757EF7035EF0}"
EndProject
Project("{2150E333-8FDC-42A3-9474-1A3956D46DE8}") = "Solution Items", "Solution Items", "{84B0C014-D59D-483C-9D95-8E62FB8EE2FF}"
	ProjectSection(SolutionItems) = preProject
		README.md = README.md
		screenshot.png = screenshot.png
	EndProjectSection
EndProject
Project("{FAE04EC0-301F-11D3-BF4B-00C04F79EFBC}") = "FileManager.Core", "FileManager.Core\FileManager.Core.csproj", "{7994833D-BE08-431E-8344-B102DF9436FA}"
EndProject
Project("{FAE04EC0-301F-11D3-BF4B-00C04F79EFBC}") = "FileManager.Core.Tests", "FileManager.Core.Tests\FileManager.Core.Tests.csproj", "{721B55B3-EFAB-4A83-827D-FC3BDA34C0B9}"
EndProject
Global
	GlobalSection(SolutionConfigurationPlatforms) = preSolution
		Debug|Any CPU = Debug|Any CPU
		Release|Any CPU = Release|Any CPU
	EndGlobalSection
	GlobalSection(ProjectConfigurationPlatforms) = postSolution
		{972CDF78-E1CB-4802-930D-757EF7035EF0}.Debug|Any CPU.ActiveCfg = Debug|Any CPU
		{972CDF78-E1CB-4802-930D-757EF7035EF0}.Debug|Any CPU.Build.0 = Debug|Any CPU
		{972CDF78-E1CB-4802-930D-757EF7035EF0}.Release|Any CPU.ActiveCfg = Release|Any CPU
		{972CDF78-E1CB-4802-930D-757EF7035EF0}.Release|Any CPU.Build.0 = Release|Any CPU
		{7994833D-BE08-431E-8344-B102DF9436FA}.Debug|Any CPU.ActiveCfg = Debug|Any CPU
		{7994833D-BE08-431E-8344-B102DF9436FA}.Debug|Any CPU.Build.0 = Debug|Any CPU
		{7994833D-BE08-431E-8344-B102DF9436FA}.Release|Any CPU.ActiveCfg = Release|Any CPU
		{7994833D-BE08-431E-8344-B102DF9436FA}.Release|Any CPU.Build.0 = Release|Any CPU
		{721B55B3-EFAB-4A83-827D-FC3BDA34C0B9}.Debug|Any CPU.ActiveCfg = Debug|Any CPU
		{721B55B3-EFAB-4A83-827D-FC3BDA34C0B9}.Debug|Any CPU.Build.0 = Debug|Any CPU
		{721B55B3-EFAB-4A83-827D-FC3BDA34C0B9}.Release|Any CPU.ActiveCfg = Release|Any CPU
		{721B55B3-EFAB-4A83-827D-FC3BDA34C0B9}.Release|Any CPU.Build.0 = Release|Any CPU
	EndGlobalSection
	GlobalSection(SolutionProperties) = preSolution
		HideSolutionNode = FALSE
	EndGlobalSection
	GlobalSection(ExtensibilityGlobals) = postSolution
		SolutionGuid = {498287C2-7D77-4169-9A8A-B2644221F56D}
	EndGlobalSection
EndGlobal
